
Microsoft Visual Studio Solution File, Format Version 12.00
# Visual Studio Version 16
VisualStudioVersion = 16.0.29503.13
MinimumVisualStudioVersion = 10.0.40219.1
Project("{FAE04EC0-301F-11D3-BF4B-00C04F79EFBC}") = "ADOCRUD", "ADOCRUD.csproj", "{9836B6C2-8110-4B97-9DEE-DF349D11D862}"
EndProject
Global
	GlobalSection(SolutionConfigurationPlatforms) = preSolution
		Debug|Any CPU = Debug|Any CPU
		Release|Any CPU = Release|Any CPU
	EndGlobalSection
	GlobalSection(ProjectConfigurationPlatforms) = postSolution
		{9836B6C2-8110-4B97-9DEE-DF349D11D862}.Debug|Any CPU.ActiveCfg = Debug|Any CPU
		{9836B6C2-8110-4B97-9DEE-DF349D11D862}.Debug|Any CPU.Build.0 = Debug|Any CPU
		{9836B6C2-8110-4B97-9DEE-DF349D11D862}.Release|Any CPU.ActiveCfg = Release|Any CPU
		{9836B6C2-8110-4B97-9DEE-DF349D11D862}.Release|Any CPU.Build.0 = Release|Any CPU
	EndGlobalSection
	GlobalSection(SolutionProperties) = preSolution
		HideSolutionNode = FALSE
	EndGlobalSection
	GlobalSection(ExtensibilityGlobals) = postSolution
		SolutionGuid = {79B03094-FAA2-49A0-A487-CED31CA6F377}
	EndGlobalSection
EndGlobal
